// !$*UTF8*$!
{
	archiveVersion = 1;
	classes = {
	};
	objectVersion = 56;
	objects = {

/* Begin PBXBuildFile section */
		637380B42BB28610006FD52C /* Pretendard-ExtraBold.otf in Resources */ = {isa = PBXBuildFile; fileRef = 637380AB2BB28610006FD52C /* Pretendard-ExtraBold.otf */; };
		637380B52BB28610006FD52C /* Pretendard-Thin.otf in Resources */ = {isa = PBXBuildFile; fileRef = 637380AC2BB28610006FD52C /* Pretendard-Thin.otf */; };
		637380B62BB28610006FD52C /* Pretendard-Black.otf in Resources */ = {isa = PBXBuildFile; fileRef = 637380AD2BB28610006FD52C /* Pretendard-Black.otf */; };
		637380B72BB28610006FD52C /* Pretendard-Bold.otf in Resources */ = {isa = PBXBuildFile; fileRef = 637380AE2BB28610006FD52C /* Pretendard-Bold.otf */; };
		637380B82BB28610006FD52C /* Pretendard-Medium.otf in Resources */ = {isa = PBXBuildFile; fileRef = 637380AF2BB28610006FD52C /* Pretendard-Medium.otf */; };
		637380B92BB28610006FD52C /* Pretendard-SemiBold.otf in Resources */ = {isa = PBXBuildFile; fileRef = 637380B02BB28610006FD52C /* Pretendard-SemiBold.otf */; };
		637380BA2BB28610006FD52C /* Pretendard-ExtraLight.otf in Resources */ = {isa = PBXBuildFile; fileRef = 637380B12BB28610006FD52C /* Pretendard-ExtraLight.otf */; };
		637380BB2BB28610006FD52C /* Pretendard-Light.otf in Resources */ = {isa = PBXBuildFile; fileRef = 637380B22BB28610006FD52C /* Pretendard-Light.otf */; };
		637380BC2BB28610006FD52C /* Pretendard-Regular.otf in Resources */ = {isa = PBXBuildFile; fileRef = 637380B32BB28610006FD52C /* Pretendard-Regular.otf */; };
		637380BE2BB28624006FD52C /* Font+Extension.swift in Sources */ = {isa = PBXBuildFile; fileRef = 637380BD2BB28624006FD52C /* Font+Extension.swift */; };
		637380DD2BB28CB2006FD52C /* Spacing+Extension.swift in Sources */ = {isa = PBXBuildFile; fileRef = 637380DC2BB28CB2006FD52C /* Spacing+Extension.swift */; };
		637380F72BB28F6F006FD52C /* LocalNotificationHelper.swift in Sources */ = {isa = PBXBuildFile; fileRef = 637380F62BB28F6F006FD52C /* LocalNotificationHelper.swift */; };
		637380FA2BB28FDC006FD52C /* DLMode.swift in Sources */ = {isa = PBXBuildFile; fileRef = 637380F92BB28FDC006FD52C /* DLMode.swift */; };
		637380FC2BB28FF2006FD52C /* UIButton.swift in Sources */ = {isa = PBXBuildFile; fileRef = 637380FB2BB28FF2006FD52C /* UIButton.swift */; };
		637380FE2BB2909D006FD52C /* AppDelegate.swift in Sources */ = {isa = PBXBuildFile; fileRef = 637380FD2BB2909D006FD52C /* AppDelegate.swift */; };
		63AB62EA2BB693EE001DFFFF /* Onboarding.swift in Sources */ = {isa = PBXBuildFile; fileRef = 63AB62E92BB693EE001DFFFF /* Onboarding.swift */; };
		63AB62ED2BB9C7DB001DFFFF /* LoginManager.swift in Sources */ = {isa = PBXBuildFile; fileRef = 63AB62EC2BB9C7DA001DFFFF /* LoginManager.swift */; };
		63AB62EF2BC1A65F001DFFFF /* User.swift in Sources */ = {isa = PBXBuildFile; fileRef = 63AB62EE2BC1A65F001DFFFF /* User.swift */; };
		63AB62F52BCBA599001DFFFF /* ProgressBarView.swift in Sources */ = {isa = PBXBuildFile; fileRef = 63AB62F42BCBA599001DFFFF /* ProgressBarView.swift */; };
		63CAD9052BB151C1007E0B69 /* CYC_TCAApp.swift in Sources */ = {isa = PBXBuildFile; fileRef = 63CAD9042BB151C1007E0B69 /* CYC_TCAApp.swift */; };
		63CAD9072BB151C1007E0B69 /* ContentView.swift in Sources */ = {isa = PBXBuildFile; fileRef = 63CAD9062BB151C1007E0B69 /* ContentView.swift */; };
		63CAD9092BB151C2007E0B69 /* Assets.xcassets in Resources */ = {isa = PBXBuildFile; fileRef = 63CAD9082BB151C2007E0B69 /* Assets.xcassets */; };
		63CAD90D2BB151C2007E0B69 /* Preview Assets.xcassets in Resources */ = {isa = PBXBuildFile; fileRef = 63CAD90C2BB151C2007E0B69 /* Preview Assets.xcassets */; };
		63CAD9172BB151C2007E0B69 /* CYC_TCATests.swift in Sources */ = {isa = PBXBuildFile; fileRef = 63CAD9162BB151C2007E0B69 /* CYC_TCATests.swift */; };
		63CAD9212BB151C2007E0B69 /* CYC_TCAUITests.swift in Sources */ = {isa = PBXBuildFile; fileRef = 63CAD9202BB151C2007E0B69 /* CYC_TCAUITests.swift */; };
		63CAD9232BB151C2007E0B69 /* CYC_TCAUITestsLaunchTests.swift in Sources */ = {isa = PBXBuildFile; fileRef = 63CAD9222BB151C2007E0B69 /* CYC_TCAUITestsLaunchTests.swift */; };
		63CAD9312BB151F8007E0B69 /* SwiftSoup in Frameworks */ = {isa = PBXBuildFile; productRef = 63CAD9302BB151F8007E0B69 /* SwiftSoup */; };
		63CAD9342BB15208007E0B69 /* GrassView in Frameworks */ = {isa = PBXBuildFile; productRef = 63CAD9332BB15208007E0B69 /* GrassView */; };
		63CAD9372BB1521F007E0B69 /* Alamofire in Frameworks */ = {isa = PBXBuildFile; productRef = 63CAD9362BB1521F007E0B69 /* Alamofire */; };
		63CAD93A2BB152B4007E0B69 /* FirebaseFirestore in Frameworks */ = {isa = PBXBuildFile; productRef = 63CAD9392BB152B4007E0B69 /* FirebaseFirestore */; };
		63CAD9402BB1533A007E0B69 /* Config.xcconfig in Resources */ = {isa = PBXBuildFile; fileRef = 63CAD93E2BB1533A007E0B69 /* Config.xcconfig */; };
		63CAD94D2BB15583007E0B69 /* Keboard+Extension.swift in Sources */ = {isa = PBXBuildFile; fileRef = 63CAD94C2BB15583007E0B69 /* Keboard+Extension.swift */; };
		63CAD94F2BB155B1007E0B69 /* UserDefaults+Extension.swift in Sources */ = {isa = PBXBuildFile; fileRef = 63CAD94E2BB155B1007E0B69 /* UserDefaults+Extension.swift */; };
		63CAD9512BB155EF007E0B69 /* Color+Extension.swift in Sources */ = {isa = PBXBuildFile; fileRef = 63CAD9502BB155EF007E0B69 /* Color+Extension.swift */; };
		63CAD9532BB15645007E0B69 /* NavigationController+Extension.swift in Sources */ = {isa = PBXBuildFile; fileRef = 63CAD9522BB15645007E0B69 /* NavigationController+Extension.swift */; };
		63CAD9572BB15734007E0B69 /* Keys.swift in Sources */ = {isa = PBXBuildFile; fileRef = 63CAD9562BB15734007E0B69 /* Keys.swift */; };
		63FA81FB2BB29CA8006C136D /* ComposableArchitecture in Frameworks */ = {isa = PBXBuildFile; productRef = 63FA81FA2BB29CA8006C136D /* ComposableArchitecture */; };
		63FA82032BB3E906006C136D /* MainView.swift in Sources */ = {isa = PBXBuildFile; fileRef = 63FA82022BB3E906006C136D /* MainView.swift */; };
		63FA82052BB3E90E006C136D /* MainFeature.swift in Sources */ = {isa = PBXBuildFile; fileRef = 63FA82042BB3E90E006C136D /* MainFeature.swift */; };
		63FA82072BB3E91B006C136D /* LoginView.swift in Sources */ = {isa = PBXBuildFile; fileRef = 63FA82062BB3E91B006C136D /* LoginView.swift */; };
		63FA82092BB3E924006C136D /* LoginFeature.swift in Sources */ = {isa = PBXBuildFile; fileRef = 63FA82082BB3E924006C136D /* LoginFeature.swift */; };
		63FA820B2BB3E92E006C136D /* TodoView.swift in Sources */ = {isa = PBXBuildFile; fileRef = 63FA820A2BB3E92E006C136D /* TodoView.swift */; };
		63FA820D2BB3E936006C136D /* TodoFeature.swift in Sources */ = {isa = PBXBuildFile; fileRef = 63FA820C2BB3E936006C136D /* TodoFeature.swift */; };
		63FA820F2BB3E93E006C136D /* CommitView.swift in Sources */ = {isa = PBXBuildFile; fileRef = 63FA820E2BB3E93E006C136D /* CommitView.swift */; };
		63FA82112BB3E945006C136D /* CommitFeature.swift in Sources */ = {isa = PBXBuildFile; fileRef = 63FA82102BB3E945006C136D /* CommitFeature.swift */; };
		63FA82132BB3E94D006C136D /* ProgressView.swift in Sources */ = {isa = PBXBuildFile; fileRef = 63FA82122BB3E94D006C136D /* ProgressView.swift */; };
		63FA82152BB3E957006C136D /* ProgressFeature.swift in Sources */ = {isa = PBXBuildFile; fileRef = 63FA82142BB3E957006C136D /* ProgressFeature.swift */; };
		63FA82172BB3E95E006C136D /* SettingView.swift in Sources */ = {isa = PBXBuildFile; fileRef = 63FA82162BB3E95E006C136D /* SettingView.swift */; };
		63FA82192BB3E966006C136D /* SettingFeature.swift in Sources */ = {isa = PBXBuildFile; fileRef = 63FA82182BB3E966006C136D /* SettingFeature.swift */; };
/* End PBXBuildFile section */

/* Begin PBXContainerItemProxy section */
		63CAD9132BB151C2007E0B69 /* PBXContainerItemProxy */ = {
			isa = PBXContainerItemProxy;
			containerPortal = 63CAD8F92BB151C1007E0B69 /* Project object */;
			proxyType = 1;
			remoteGlobalIDString = 63CAD9002BB151C1007E0B69;
			remoteInfo = CYC_TCA;
		};
		63CAD91D2BB151C2007E0B69 /* PBXContainerItemProxy */ = {
			isa = PBXContainerItemProxy;
			containerPortal = 63CAD8F92BB151C1007E0B69 /* Project object */;
			proxyType = 1;
			remoteGlobalIDString = 63CAD9002BB151C1007E0B69;
			remoteInfo = CYC_TCA;
		};
/* End PBXContainerItemProxy section */

/* Begin PBXFileReference section */
		637380AB2BB28610006FD52C /* Pretendard-ExtraBold.otf */ = {isa = PBXFileReference; lastKnownFileType = file; path = "Pretendard-ExtraBold.otf"; sourceTree = "<group>"; };
		637380AC2BB28610006FD52C /* Pretendard-Thin.otf */ = {isa = PBXFileReference; lastKnownFileType = file; path = "Pretendard-Thin.otf"; sourceTree = "<group>"; };
		637380AD2BB28610006FD52C /* Pretendard-Black.otf */ = {isa = PBXFileReference; lastKnownFileType = file; path = "Pretendard-Black.otf"; sourceTree = "<group>"; };
		637380AE2BB28610006FD52C /* Pretendard-Bold.otf */ = {isa = PBXFileReference; lastKnownFileType = file; path = "Pretendard-Bold.otf"; sourceTree = "<group>"; };
		637380AF2BB28610006FD52C /* Pretendard-Medium.otf */ = {isa = PBXFileReference; lastKnownFileType = file; path = "Pretendard-Medium.otf"; sourceTree = "<group>"; };
		637380B02BB28610006FD52C /* Pretendard-SemiBold.otf */ = {isa = PBXFileReference; lastKnownFileType = file; path = "Pretendard-SemiBold.otf"; sourceTree = "<group>"; };
		637380B12BB28610006FD52C /* Pretendard-ExtraLight.otf */ = {isa = PBXFileReference; lastKnownFileType = file; path = "Pretendard-ExtraLight.otf"; sourceTree = "<group>"; };
		637380B22BB28610006FD52C /* Pretendard-Light.otf */ = {isa = PBXFileReference; lastKnownFileType = file; path = "Pretendard-Light.otf"; sourceTree = "<group>"; };
		637380B32BB28610006FD52C /* Pretendard-Regular.otf */ = {isa = PBXFileReference; lastKnownFileType = file; path = "Pretendard-Regular.otf"; sourceTree = "<group>"; };
		637380BD2BB28624006FD52C /* Font+Extension.swift */ = {isa = PBXFileReference; lastKnownFileType = sourcecode.swift; path = "Font+Extension.swift"; sourceTree = "<group>"; };
		637380DC2BB28CB2006FD52C /* Spacing+Extension.swift */ = {isa = PBXFileReference; lastKnownFileType = sourcecode.swift; path = "Spacing+Extension.swift"; sourceTree = "<group>"; };
		637380F62BB28F6F006FD52C /* LocalNotificationHelper.swift */ = {isa = PBXFileReference; lastKnownFileType = sourcecode.swift; path = LocalNotificationHelper.swift; sourceTree = "<group>"; };
		637380F92BB28FDC006FD52C /* DLMode.swift */ = {isa = PBXFileReference; lastKnownFileType = sourcecode.swift; path = DLMode.swift; sourceTree = "<group>"; };
		637380FB2BB28FF2006FD52C /* UIButton.swift */ = {isa = PBXFileReference; lastKnownFileType = sourcecode.swift; path = UIButton.swift; sourceTree = "<group>"; };
		637380FD2BB2909D006FD52C /* AppDelegate.swift */ = {isa = PBXFileReference; lastKnownFileType = sourcecode.swift; path = AppDelegate.swift; sourceTree = "<group>"; };
		637380FF2BB291EF006FD52C /* CYC-TCA-Info.plist */ = {isa = PBXFileReference; lastKnownFileType = text.plist; path = "CYC-TCA-Info.plist"; sourceTree = SOURCE_ROOT; };
		63AB62E92BB693EE001DFFFF /* Onboarding.swift */ = {isa = PBXFileReference; lastKnownFileType = sourcecode.swift; path = Onboarding.swift; sourceTree = "<group>"; };
		63AB62EC2BB9C7DA001DFFFF /* LoginManager.swift */ = {isa = PBXFileReference; lastKnownFileType = sourcecode.swift; path = LoginManager.swift; sourceTree = "<group>"; };
		63AB62EE2BC1A65F001DFFFF /* User.swift */ = {isa = PBXFileReference; lastKnownFileType = sourcecode.swift; path = User.swift; sourceTree = "<group>"; };
		63AB62F42BCBA599001DFFFF /* ProgressBarView.swift */ = {isa = PBXFileReference; lastKnownFileType = sourcecode.swift; path = ProgressBarView.swift; sourceTree = "<group>"; };
		63CAD9012BB151C1007E0B69 /* CYC_TCA.app */ = {isa = PBXFileReference; explicitFileType = wrapper.application; includeInIndex = 0; path = CYC_TCA.app; sourceTree = BUILT_PRODUCTS_DIR; };
		63CAD9042BB151C1007E0B69 /* CYC_TCAApp.swift */ = {isa = PBXFileReference; lastKnownFileType = sourcecode.swift; path = CYC_TCAApp.swift; sourceTree = "<group>"; };
		63CAD9062BB151C1007E0B69 /* ContentView.swift */ = {isa = PBXFileReference; lastKnownFileType = sourcecode.swift; path = ContentView.swift; sourceTree = "<group>"; };
		63CAD9082BB151C2007E0B69 /* Assets.xcassets */ = {isa = PBXFileReference; lastKnownFileType = folder.assetcatalog; path = Assets.xcassets; sourceTree = "<group>"; };
		63CAD90A2BB151C2007E0B69 /* CYC_TCA.entitlements */ = {isa = PBXFileReference; lastKnownFileType = text.plist.entitlements; path = CYC_TCA.entitlements; sourceTree = "<group>"; };
		63CAD90C2BB151C2007E0B69 /* Preview Assets.xcassets */ = {isa = PBXFileReference; lastKnownFileType = folder.assetcatalog; path = "Preview Assets.xcassets"; sourceTree = "<group>"; };
		63CAD9122BB151C2007E0B69 /* CYC_TCATests.xctest */ = {isa = PBXFileReference; explicitFileType = wrapper.cfbundle; includeInIndex = 0; path = CYC_TCATests.xctest; sourceTree = BUILT_PRODUCTS_DIR; };
		63CAD9162BB151C2007E0B69 /* CYC_TCATests.swift */ = {isa = PBXFileReference; lastKnownFileType = sourcecode.swift; path = CYC_TCATests.swift; sourceTree = "<group>"; };
		63CAD91C2BB151C2007E0B69 /* CYC_TCAUITests.xctest */ = {isa = PBXFileReference; explicitFileType = wrapper.cfbundle; includeInIndex = 0; path = CYC_TCAUITests.xctest; sourceTree = BUILT_PRODUCTS_DIR; };
		63CAD9202BB151C2007E0B69 /* CYC_TCAUITests.swift */ = {isa = PBXFileReference; lastKnownFileType = sourcecode.swift; path = CYC_TCAUITests.swift; sourceTree = "<group>"; };
		63CAD9222BB151C2007E0B69 /* CYC_TCAUITestsLaunchTests.swift */ = {isa = PBXFileReference; lastKnownFileType = sourcecode.swift; path = CYC_TCAUITestsLaunchTests.swift; sourceTree = "<group>"; };
		63CAD93E2BB1533A007E0B69 /* Config.xcconfig */ = {isa = PBXFileReference; fileEncoding = 4; lastKnownFileType = text.xcconfig; name = Config.xcconfig; path = ../../../CYC/CYC/Login/Config.xcconfig; sourceTree = "<group>"; };
		63CAD94C2BB15583007E0B69 /* Keboard+Extension.swift */ = {isa = PBXFileReference; lastKnownFileType = sourcecode.swift; path = "Keboard+Extension.swift"; sourceTree = "<group>"; };
		63CAD94E2BB155B1007E0B69 /* UserDefaults+Extension.swift */ = {isa = PBXFileReference; lastKnownFileType = sourcecode.swift; path = "UserDefaults+Extension.swift"; sourceTree = "<group>"; };
		63CAD9502BB155EF007E0B69 /* Color+Extension.swift */ = {isa = PBXFileReference; lastKnownFileType = sourcecode.swift; path = "Color+Extension.swift"; sourceTree = "<group>"; };
		63CAD9522BB15645007E0B69 /* NavigationController+Extension.swift */ = {isa = PBXFileReference; lastKnownFileType = sourcecode.swift; path = "NavigationController+Extension.swift"; sourceTree = "<group>"; };
		63CAD9562BB15734007E0B69 /* Keys.swift */ = {isa = PBXFileReference; lastKnownFileType = sourcecode.swift; path = Keys.swift; sourceTree = "<group>"; };
		63FA82022BB3E906006C136D /* MainView.swift */ = {isa = PBXFileReference; lastKnownFileType = sourcecode.swift; path = MainView.swift; sourceTree = "<group>"; };
		63FA82042BB3E90E006C136D /* MainFeature.swift */ = {isa = PBXFileReference; lastKnownFileType = sourcecode.swift; path = MainFeature.swift; sourceTree = "<group>"; };
		63FA82062BB3E91B006C136D /* LoginView.swift */ = {isa = PBXFileReference; lastKnownFileType = sourcecode.swift; path = LoginView.swift; sourceTree = "<group>"; };
		63FA82082BB3E924006C136D /* LoginFeature.swift */ = {isa = PBXFileReference; lastKnownFileType = sourcecode.swift; path = LoginFeature.swift; sourceTree = "<group>"; };
		63FA820A2BB3E92E006C136D /* TodoView.swift */ = {isa = PBXFileReference; lastKnownFileType = sourcecode.swift; path = TodoView.swift; sourceTree = "<group>"; };
		63FA820C2BB3E936006C136D /* TodoFeature.swift */ = {isa = PBXFileReference; lastKnownFileType = sourcecode.swift; path = TodoFeature.swift; sourceTree = "<group>"; };
		63FA820E2BB3E93E006C136D /* CommitView.swift */ = {isa = PBXFileReference; lastKnownFileType = sourcecode.swift; path = CommitView.swift; sourceTree = "<group>"; };
		63FA82102BB3E945006C136D /* CommitFeature.swift */ = {isa = PBXFileReference; lastKnownFileType = sourcecode.swift; path = CommitFeature.swift; sourceTree = "<group>"; };
		63FA82122BB3E94D006C136D /* ProgressView.swift */ = {isa = PBXFileReference; lastKnownFileType = sourcecode.swift; path = ProgressView.swift; sourceTree = "<group>"; };
		63FA82142BB3E957006C136D /* ProgressFeature.swift */ = {isa = PBXFileReference; lastKnownFileType = sourcecode.swift; path = ProgressFeature.swift; sourceTree = "<group>"; };
		63FA82162BB3E95E006C136D /* SettingView.swift */ = {isa = PBXFileReference; lastKnownFileType = sourcecode.swift; path = SettingView.swift; sourceTree = "<group>"; };
		63FA82182BB3E966006C136D /* SettingFeature.swift */ = {isa = PBXFileReference; lastKnownFileType = sourcecode.swift; path = SettingFeature.swift; sourceTree = "<group>"; };
/* End PBXFileReference section */

/* Begin PBXFrameworksBuildPhase section */
		63CAD8FE2BB151C1007E0B69 /* Frameworks */ = {
			isa = PBXFrameworksBuildPhase;
			buildActionMask = 2147483647;
			files = (
				63FA81FB2BB29CA8006C136D /* ComposableArchitecture in Frameworks */,
				63CAD9372BB1521F007E0B69 /* Alamofire in Frameworks */,
				63CAD93A2BB152B4007E0B69 /* FirebaseFirestore in Frameworks */,
				63CAD9342BB15208007E0B69 /* GrassView in Frameworks */,
				63CAD9312BB151F8007E0B69 /* SwiftSoup in Frameworks */,
			);
			runOnlyForDeploymentPostprocessing = 0;
		};
		63CAD90F2BB151C2007E0B69 /* Frameworks */ = {
			isa = PBXFrameworksBuildPhase;
			buildActionMask = 2147483647;
			files = (
			);
			runOnlyForDeploymentPostprocessing = 0;
		};
		63CAD9192BB151C2007E0B69 /* Frameworks */ = {
			isa = PBXFrameworksBuildPhase;
			buildActionMask = 2147483647;
			files = (
			);
			runOnlyForDeploymentPostprocessing = 0;
		};
/* End PBXFrameworksBuildPhase section */

/* Begin PBXGroup section */
		6373809F2BB284E9006FD52C /* Setting */ = {
			isa = PBXGroup;
			children = (
				63FA82162BB3E95E006C136D /* SettingView.swift */,
				63FA82182BB3E966006C136D /* SettingFeature.swift */,
			);
			path = Setting;
			sourceTree = "<group>";
		};
		637380A02BB284EB006FD52C /* Progress */ = {
			isa = PBXGroup;
			children = (
				63FA82122BB3E94D006C136D /* ProgressView.swift */,
				63AB62F42BCBA599001DFFFF /* ProgressBarView.swift */,
				63FA82142BB3E957006C136D /* ProgressFeature.swift */,
			);
			path = Progress;
			sourceTree = "<group>";
		};
		637380A12BB284EF006FD52C /* Commit */ = {
			isa = PBXGroup;
			children = (
				63FA820E2BB3E93E006C136D /* CommitView.swift */,
				63FA82102BB3E945006C136D /* CommitFeature.swift */,
			);
			path = Commit;
			sourceTree = "<group>";
		};
		637380A22BB284F3006FD52C /* Todo */ = {
			isa = PBXGroup;
			children = (
				63FA820A2BB3E92E006C136D /* TodoView.swift */,
				63FA820C2BB3E936006C136D /* TodoFeature.swift */,
			);
			path = Todo;
			sourceTree = "<group>";
		};
		637380A32BB2850D006FD52C /* Login */ = {
			isa = PBXGroup;
			children = (
				63FA82062BB3E91B006C136D /* LoginView.swift */,
				63FA82082BB3E924006C136D /* LoginFeature.swift */,
			);
			path = Login;
			sourceTree = "<group>";
		};
		637380A42BB28510006FD52C /* Main */ = {
			isa = PBXGroup;
			children = (
				63FA82022BB3E906006C136D /* MainView.swift */,
				63FA82042BB3E90E006C136D /* MainFeature.swift */,
			);
			path = Main;
			sourceTree = "<group>";
		};
		637380A92BB285F3006FD52C /* Helper */ = {
			isa = PBXGroup;
			children = (
				637380F82BB28FCE006FD52C /* Mode */,
				637380AA2BB285FF006FD52C /* Font */,
			);
			path = Helper;
			sourceTree = "<group>";
		};
		637380AA2BB285FF006FD52C /* Font */ = {
			isa = PBXGroup;
			children = (
				637380AD2BB28610006FD52C /* Pretendard-Black.otf */,
				637380AE2BB28610006FD52C /* Pretendard-Bold.otf */,
				637380AB2BB28610006FD52C /* Pretendard-ExtraBold.otf */,
				637380B12BB28610006FD52C /* Pretendard-ExtraLight.otf */,
				637380B22BB28610006FD52C /* Pretendard-Light.otf */,
				637380AF2BB28610006FD52C /* Pretendard-Medium.otf */,
				637380B32BB28610006FD52C /* Pretendard-Regular.otf */,
				637380B02BB28610006FD52C /* Pretendard-SemiBold.otf */,
				637380AC2BB28610006FD52C /* Pretendard-Thin.otf */,
			);
			path = Font;
			sourceTree = "<group>";
		};
		637380F82BB28FCE006FD52C /* Mode */ = {
			isa = PBXGroup;
			children = (
				637380F92BB28FDC006FD52C /* DLMode.swift */,
				637380FB2BB28FF2006FD52C /* UIButton.swift */,
			);
			path = Mode;
			sourceTree = "<group>";
		};
		63AB62EB2BB6A568001DFFFF /* Service */ = {
			isa = PBXGroup;
			children = (
				637380F62BB28F6F006FD52C /* LocalNotificationHelper.swift */,
				63AB62EC2BB9C7DA001DFFFF /* LoginManager.swift */,
			);
			path = Service;
			sourceTree = "<group>";
		};
		63AB62F02BC1A7B7001DFFFF /* Component */ = {
			isa = PBXGroup;
			children = (
				63AB62E92BB693EE001DFFFF /* Onboarding.swift */,
			);
			path = Component;
			sourceTree = "<group>";
		};
		63CAD8F82BB151C1007E0B69 = {
			isa = PBXGroup;
			children = (
				63CAD9032BB151C1007E0B69 /* CYC_TCA */,
				63CAD9152BB151C2007E0B69 /* CYC_TCATests */,
				63CAD91F2BB151C2007E0B69 /* CYC_TCAUITests */,
				63CAD9022BB151C1007E0B69 /* Products */,
			);
			sourceTree = "<group>";
		};
		63CAD9022BB151C1007E0B69 /* Products */ = {
			isa = PBXGroup;
			children = (
				63CAD9012BB151C1007E0B69 /* CYC_TCA.app */,
				63CAD9122BB151C2007E0B69 /* CYC_TCATests.xctest */,
				63CAD91C2BB151C2007E0B69 /* CYC_TCAUITests.xctest */,
			);
			name = Products;
			sourceTree = "<group>";
		};
		63CAD9032BB151C1007E0B69 /* CYC_TCA */ = {
			isa = PBXGroup;
			children = (
				63CAD9042BB151C1007E0B69 /* CYC_TCAApp.swift */,
				637380FD2BB2909D006FD52C /* AppDelegate.swift */,
				63CAD9062BB151C1007E0B69 /* ContentView.swift */,
				63CAD9562BB15734007E0B69 /* Keys.swift */,
				637380FF2BB291EF006FD52C /* CYC-TCA-Info.plist */,
				63CAD93E2BB1533A007E0B69 /* Config.xcconfig */,
				63CAD93C2BB15302007E0B69 /* Feature */,
				63CAD93D2BB15304007E0B69 /* Core */,
				63CAD93B2BB152FE007E0B69 /* Model */,
				63CAD9082BB151C2007E0B69 /* Assets.xcassets */,
				63CAD90A2BB151C2007E0B69 /* CYC_TCA.entitlements */,
				63CAD90B2BB151C2007E0B69 /* Preview Content */,
			);
			path = CYC_TCA;
			sourceTree = "<group>";
		};
		63CAD90B2BB151C2007E0B69 /* Preview Content */ = {
			isa = PBXGroup;
			children = (
				63CAD90C2BB151C2007E0B69 /* Preview Assets.xcassets */,
			);
			path = "Preview Content";
			sourceTree = "<group>";
		};
		63CAD9152BB151C2007E0B69 /* CYC_TCATests */ = {
			isa = PBXGroup;
			children = (
				63CAD9162BB151C2007E0B69 /* CYC_TCATests.swift */,
			);
			path = CYC_TCATests;
			sourceTree = "<group>";
		};
		63CAD91F2BB151C2007E0B69 /* CYC_TCAUITests */ = {
			isa = PBXGroup;
			children = (
				63CAD9202BB151C2007E0B69 /* CYC_TCAUITests.swift */,
				63CAD9222BB151C2007E0B69 /* CYC_TCAUITestsLaunchTests.swift */,
			);
			path = CYC_TCAUITests;
			sourceTree = "<group>";
		};
		63CAD93B2BB152FE007E0B69 /* Model */ = {
			isa = PBXGroup;
			children = (
				63AB62EE2BC1A65F001DFFFF /* User.swift */,
			);
			path = Model;
			sourceTree = "<group>";
		};
		63CAD93C2BB15302007E0B69 /* Feature */ = {
			isa = PBXGroup;
			children = (
				637380A42BB28510006FD52C /* Main */,
				637380A32BB2850D006FD52C /* Login */,
				637380A22BB284F3006FD52C /* Todo */,
				637380A12BB284EF006FD52C /* Commit */,
				637380A02BB284EB006FD52C /* Progress */,
				6373809F2BB284E9006FD52C /* Setting */,
			);
			path = Feature;
			sourceTree = "<group>";
		};
		63CAD93D2BB15304007E0B69 /* Core */ = {
			isa = PBXGroup;
			children = (
				63AB62F02BC1A7B7001DFFFF /* Component */,
				63AB62EB2BB6A568001DFFFF /* Service */,
				637380A92BB285F3006FD52C /* Helper */,
				63CAD94A2BB15552007E0B69 /* Extension */,
			);
			path = Core;
			sourceTree = "<group>";
		};
		63CAD94A2BB15552007E0B69 /* Extension */ = {
			isa = PBXGroup;
			children = (
				63CAD94C2BB15583007E0B69 /* Keboard+Extension.swift */,
				63CAD94E2BB155B1007E0B69 /* UserDefaults+Extension.swift */,
				63CAD9502BB155EF007E0B69 /* Color+Extension.swift */,
				63CAD9522BB15645007E0B69 /* NavigationController+Extension.swift */,
				637380BD2BB28624006FD52C /* Font+Extension.swift */,
				637380DC2BB28CB2006FD52C /* Spacing+Extension.swift */,
			);
			path = Extension;
			sourceTree = "<group>";
		};
/* End PBXGroup section */

/* Begin PBXNativeTarget section */
		63CAD9002BB151C1007E0B69 /* CYC_TCA */ = {
			isa = PBXNativeTarget;
			buildConfigurationList = 63CAD9262BB151C2007E0B69 /* Build configuration list for PBXNativeTarget "CYC_TCA" */;
			buildPhases = (
				63CAD8FD2BB151C1007E0B69 /* Sources */,
				63CAD8FE2BB151C1007E0B69 /* Frameworks */,
				63CAD8FF2BB151C1007E0B69 /* Resources */,
			);
			buildRules = (
			);
			dependencies = (
			);
			name = CYC_TCA;
			packageProductDependencies = (
				63CAD9302BB151F8007E0B69 /* SwiftSoup */,
				63CAD9332BB15208007E0B69 /* GrassView */,
				63CAD9362BB1521F007E0B69 /* Alamofire */,
				63CAD9392BB152B4007E0B69 /* FirebaseFirestore */,
				63FA81FA2BB29CA8006C136D /* ComposableArchitecture */,
			);
			productName = CYC_TCA;
			productReference = 63CAD9012BB151C1007E0B69 /* CYC_TCA.app */;
			productType = "com.apple.product-type.application";
		};
		63CAD9112BB151C2007E0B69 /* CYC_TCATests */ = {
			isa = PBXNativeTarget;
			buildConfigurationList = 63CAD9292BB151C2007E0B69 /* Build configuration list for PBXNativeTarget "CYC_TCATests" */;
			buildPhases = (
				63CAD90E2BB151C2007E0B69 /* Sources */,
				63CAD90F2BB151C2007E0B69 /* Frameworks */,
				63CAD9102BB151C2007E0B69 /* Resources */,
			);
			buildRules = (
			);
			dependencies = (
				63CAD9142BB151C2007E0B69 /* PBXTargetDependency */,
			);
			name = CYC_TCATests;
			productName = CYC_TCATests;
			productReference = 63CAD9122BB151C2007E0B69 /* CYC_TCATests.xctest */;
			productType = "com.apple.product-type.bundle.unit-test";
		};
		63CAD91B2BB151C2007E0B69 /* CYC_TCAUITests */ = {
			isa = PBXNativeTarget;
			buildConfigurationList = 63CAD92C2BB151C2007E0B69 /* Build configuration list for PBXNativeTarget "CYC_TCAUITests" */;
			buildPhases = (
				63CAD9182BB151C2007E0B69 /* Sources */,
				63CAD9192BB151C2007E0B69 /* Frameworks */,
				63CAD91A2BB151C2007E0B69 /* Resources */,
			);
			buildRules = (
			);
			dependencies = (
				63CAD91E2BB151C2007E0B69 /* PBXTargetDependency */,
			);
			name = CYC_TCAUITests;
			productName = CYC_TCAUITests;
			productReference = 63CAD91C2BB151C2007E0B69 /* CYC_TCAUITests.xctest */;
			productType = "com.apple.product-type.bundle.ui-testing";
		};
/* End PBXNativeTarget section */

/* Begin PBXProject section */
		63CAD8F92BB151C1007E0B69 /* Project object */ = {
			isa = PBXProject;
			attributes = {
				BuildIndependentTargetsInParallel = 1;
				LastSwiftUpdateCheck = 1520;
				LastUpgradeCheck = 1520;
				TargetAttributes = {
					63CAD9002BB151C1007E0B69 = {
						CreatedOnToolsVersion = 15.2;
					};
					63CAD9112BB151C2007E0B69 = {
						CreatedOnToolsVersion = 15.2;
						TestTargetID = 63CAD9002BB151C1007E0B69;
					};
					63CAD91B2BB151C2007E0B69 = {
						CreatedOnToolsVersion = 15.2;
						TestTargetID = 63CAD9002BB151C1007E0B69;
					};
				};
			};
			buildConfigurationList = 63CAD8FC2BB151C1007E0B69 /* Build configuration list for PBXProject "CYC_TCA" */;
			compatibilityVersion = "Xcode 14.0";
			developmentRegion = en;
			hasScannedForEncodings = 0;
			knownRegions = (
				en,
				Base,
			);
			mainGroup = 63CAD8F82BB151C1007E0B69;
			packageReferences = (
				63CAD92F2BB151F8007E0B69 /* XCRemoteSwiftPackageReference "SwiftSoup" */,
				63CAD9322BB15208007E0B69 /* XCRemoteSwiftPackageReference "GrassView" */,
				63CAD9352BB1521F007E0B69 /* XCRemoteSwiftPackageReference "Alamofire" */,
				63CAD9382BB152B4007E0B69 /* XCRemoteSwiftPackageReference "firebase-ios-sdk" */,
				63FA81F92BB29CA8006C136D /* XCRemoteSwiftPackageReference "swift-composable-architecture" */,
			);
			productRefGroup = 63CAD9022BB151C1007E0B69 /* Products */;
			projectDirPath = "";
			projectRoot = "";
			targets = (
				63CAD9002BB151C1007E0B69 /* CYC_TCA */,
				63CAD9112BB151C2007E0B69 /* CYC_TCATests */,
				63CAD91B2BB151C2007E0B69 /* CYC_TCAUITests */,
			);
		};
/* End PBXProject section */

/* Begin PBXResourcesBuildPhase section */
		63CAD8FF2BB151C1007E0B69 /* Resources */ = {
			isa = PBXResourcesBuildPhase;
			buildActionMask = 2147483647;
			files = (
				637380B72BB28610006FD52C /* Pretendard-Bold.otf in Resources */,
				63CAD90D2BB151C2007E0B69 /* Preview Assets.xcassets in Resources */,
				637380B42BB28610006FD52C /* Pretendard-ExtraBold.otf in Resources */,
				637380BC2BB28610006FD52C /* Pretendard-Regular.otf in Resources */,
				637380B52BB28610006FD52C /* Pretendard-Thin.otf in Resources */,
				637380BB2BB28610006FD52C /* Pretendard-Light.otf in Resources */,
				63CAD9402BB1533A007E0B69 /* Config.xcconfig in Resources */,
				637380B62BB28610006FD52C /* Pretendard-Black.otf in Resources */,
				637380B92BB28610006FD52C /* Pretendard-SemiBold.otf in Resources */,
				63CAD9092BB151C2007E0B69 /* Assets.xcassets in Resources */,
				637380B82BB28610006FD52C /* Pretendard-Medium.otf in Resources */,
				637380BA2BB28610006FD52C /* Pretendard-ExtraLight.otf in Resources */,
			);
			runOnlyForDeploymentPostprocessing = 0;
		};
		63CAD9102BB151C2007E0B69 /* Resources */ = {
			isa = PBXResourcesBuildPhase;
			buildActionMask = 2147483647;
			files = (
			);
			runOnlyForDeploymentPostprocessing = 0;
		};
		63CAD91A2BB151C2007E0B69 /* Resources */ = {
			isa = PBXResourcesBuildPhase;
			buildActionMask = 2147483647;
			files = (
			);
			runOnlyForDeploymentPostprocessing = 0;
		};
/* End PBXResourcesBuildPhase section */

/* Begin PBXSourcesBuildPhase section */
		63CAD8FD2BB151C1007E0B69 /* Sources */ = {
			isa = PBXSourcesBuildPhase;
			buildActionMask = 2147483647;
			files = (
				637380F72BB28F6F006FD52C /* LocalNotificationHelper.swift in Sources */,
				63FA82032BB3E906006C136D /* MainView.swift in Sources */,
				63FA82112BB3E945006C136D /* CommitFeature.swift in Sources */,
				63CAD94D2BB15583007E0B69 /* Keboard+Extension.swift in Sources */,
				63FA820F2BB3E93E006C136D /* CommitView.swift in Sources */,
				63AB62ED2BB9C7DB001DFFFF /* LoginManager.swift in Sources */,
				637380FE2BB2909D006FD52C /* AppDelegate.swift in Sources */,
				63FA82152BB3E957006C136D /* ProgressFeature.swift in Sources */,
				637380DD2BB28CB2006FD52C /* Spacing+Extension.swift in Sources */,
				63CAD9072BB151C1007E0B69 /* ContentView.swift in Sources */,
				63FA820B2BB3E92E006C136D /* TodoView.swift in Sources */,
				63CAD9532BB15645007E0B69 /* NavigationController+Extension.swift in Sources */,
				63CAD9052BB151C1007E0B69 /* CYC_TCAApp.swift in Sources */,
				63FA82052BB3E90E006C136D /* MainFeature.swift in Sources */,
				63FA820D2BB3E936006C136D /* TodoFeature.swift in Sources */,
				63CAD94F2BB155B1007E0B69 /* UserDefaults+Extension.swift in Sources */,
				63CAD9512BB155EF007E0B69 /* Color+Extension.swift in Sources */,
				637380FC2BB28FF2006FD52C /* UIButton.swift in Sources */,
				63AB62F52BCBA599001DFFFF /* ProgressBarView.swift in Sources */,
				637380BE2BB28624006FD52C /* Font+Extension.swift in Sources */,
				63FA82092BB3E924006C136D /* LoginFeature.swift in Sources */,
				63AB62EF2BC1A65F001DFFFF /* User.swift in Sources */,
				63AB62EA2BB693EE001DFFFF /* Onboarding.swift in Sources */,
				63CAD9572BB15734007E0B69 /* Keys.swift in Sources */,
				63FA82072BB3E91B006C136D /* LoginView.swift in Sources */,
				63FA82172BB3E95E006C136D /* SettingView.swift in Sources */,
				637380FA2BB28FDC006FD52C /* DLMode.swift in Sources */,
				63FA82132BB3E94D006C136D /* ProgressView.swift in Sources */,
				63FA82192BB3E966006C136D /* SettingFeature.swift in Sources */,
			);
			runOnlyForDeploymentPostprocessing = 0;
		};
		63CAD90E2BB151C2007E0B69 /* Sources */ = {
			isa = PBXSourcesBuildPhase;
			buildActionMask = 2147483647;
			files = (
				63CAD9172BB151C2007E0B69 /* CYC_TCATests.swift in Sources */,
			);
			runOnlyForDeploymentPostprocessing = 0;
		};
		63CAD9182BB151C2007E0B69 /* Sources */ = {
			isa = PBXSourcesBuildPhase;
			buildActionMask = 2147483647;
			files = (
				63CAD9212BB151C2007E0B69 /* CYC_TCAUITests.swift in Sources */,
				63CAD9232BB151C2007E0B69 /* CYC_TCAUITestsLaunchTests.swift in Sources */,
			);
			runOnlyForDeploymentPostprocessing = 0;
		};
/* End PBXSourcesBuildPhase section */

/* Begin PBXTargetDependency section */
		63CAD9142BB151C2007E0B69 /* PBXTargetDependency */ = {
			isa = PBXTargetDependency;
			target = 63CAD9002BB151C1007E0B69 /* CYC_TCA */;
			targetProxy = 63CAD9132BB151C2007E0B69 /* PBXContainerItemProxy */;
		};
		63CAD91E2BB151C2007E0B69 /* PBXTargetDependency */ = {
			isa = PBXTargetDependency;
			target = 63CAD9002BB151C1007E0B69 /* CYC_TCA */;
			targetProxy = 63CAD91D2BB151C2007E0B69 /* PBXContainerItemProxy */;
		};
/* End PBXTargetDependency section */

/* Begin XCBuildConfiguration section */
		63CAD9242BB151C2007E0B69 /* Debug */ = {
			isa = XCBuildConfiguration;
			baseConfigurationReference = 63CAD93E2BB1533A007E0B69 /* Config.xcconfig */;
			buildSettings = {
				ALWAYS_SEARCH_USER_PATHS = NO;
				ASSETCATALOG_COMPILER_GENERATE_SWIFT_ASSET_SYMBOL_EXTENSIONS = YES;
				CLANG_ANALYZER_NONNULL = YES;
				CLANG_ANALYZER_NUMBER_OBJECT_CONVERSION = YES_AGGRESSIVE;
				CLANG_CXX_LANGUAGE_STANDARD = "gnu++20";
				CLANG_ENABLE_MODULES = YES;
				CLANG_ENABLE_OBJC_ARC = YES;
				CLANG_ENABLE_OBJC_WEAK = YES;
				CLANG_WARN_BLOCK_CAPTURE_AUTORELEASING = YES;
				CLANG_WARN_BOOL_CONVERSION = YES;
				CLANG_WARN_COMMA = YES;
				CLANG_WARN_CONSTANT_CONVERSION = YES;
				CLANG_WARN_DEPRECATED_OBJC_IMPLEMENTATIONS = YES;
				CLANG_WARN_DIRECT_OBJC_ISA_USAGE = YES_ERROR;
				CLANG_WARN_DOCUMENTATION_COMMENTS = YES;
				CLANG_WARN_EMPTY_BODY = YES;
				CLANG_WARN_ENUM_CONVERSION = YES;
				CLANG_WARN_INFINITE_RECURSION = YES;
				CLANG_WARN_INT_CONVERSION = YES;
				CLANG_WARN_NON_LITERAL_NULL_CONVERSION = YES;
				CLANG_WARN_OBJC_IMPLICIT_RETAIN_SELF = YES;
				CLANG_WARN_OBJC_LITERAL_CONVERSION = YES;
				CLANG_WARN_OBJC_ROOT_CLASS = YES_ERROR;
				CLANG_WARN_QUOTED_INCLUDE_IN_FRAMEWORK_HEADER = YES;
				CLANG_WARN_RANGE_LOOP_ANALYSIS = YES;
				CLANG_WARN_STRICT_PROTOTYPES = YES;
				CLANG_WARN_SUSPICIOUS_MOVE = YES;
				CLANG_WARN_UNGUARDED_AVAILABILITY = YES_AGGRESSIVE;
				CLANG_WARN_UNREACHABLE_CODE = YES;
				CLANG_WARN__DUPLICATE_METHOD_MATCH = YES;
				COPY_PHASE_STRIP = NO;
				DEBUG_INFORMATION_FORMAT = dwarf;
				ENABLE_STRICT_OBJC_MSGSEND = YES;
				ENABLE_TESTABILITY = YES;
				ENABLE_USER_SCRIPT_SANDBOXING = YES;
				GCC_C_LANGUAGE_STANDARD = gnu17;
				GCC_DYNAMIC_NO_PIC = NO;
				GCC_NO_COMMON_BLOCKS = YES;
				GCC_OPTIMIZATION_LEVEL = 0;
				GCC_PREPROCESSOR_DEFINITIONS = (
					"DEBUG=1",
					"$(inherited)",
				);
				GCC_WARN_64_TO_32_BIT_CONVERSION = YES;
				GCC_WARN_ABOUT_RETURN_TYPE = YES_ERROR;
				GCC_WARN_UNDECLARED_SELECTOR = YES;
				GCC_WARN_UNINITIALIZED_AUTOS = YES_AGGRESSIVE;
				GCC_WARN_UNUSED_FUNCTION = YES;
				GCC_WARN_UNUSED_VARIABLE = YES;
				LOCALIZATION_PREFERS_STRING_CATALOGS = YES;
				MTL_ENABLE_DEBUG_INFO = INCLUDE_SOURCE;
				MTL_FAST_MATH = YES;
				ONLY_ACTIVE_ARCH = YES;
				SWIFT_ACTIVE_COMPILATION_CONDITIONS = "DEBUG $(inherited)";
				SWIFT_OPTIMIZATION_LEVEL = "-Onone";
			};
			name = Debug;
		};
		63CAD9252BB151C2007E0B69 /* Release */ = {
			isa = XCBuildConfiguration;
			baseConfigurationReference = 63CAD93E2BB1533A007E0B69 /* Config.xcconfig */;
			buildSettings = {
				ALWAYS_SEARCH_USER_PATHS = NO;
				ASSETCATALOG_COMPILER_GENERATE_SWIFT_ASSET_SYMBOL_EXTENSIONS = YES;
				CLANG_ANALYZER_NONNULL = YES;
				CLANG_ANALYZER_NUMBER_OBJECT_CONVERSION = YES_AGGRESSIVE;
				CLANG_CXX_LANGUAGE_STANDARD = "gnu++20";
				CLANG_ENABLE_MODULES = YES;
				CLANG_ENABLE_OBJC_ARC = YES;
				CLANG_ENABLE_OBJC_WEAK = YES;
				CLANG_WARN_BLOCK_CAPTURE_AUTORELEASING = YES;
				CLANG_WARN_BOOL_CONVERSION = YES;
				CLANG_WARN_COMMA = YES;
				CLANG_WARN_CONSTANT_CONVERSION = YES;
				CLANG_WARN_DEPRECATED_OBJC_IMPLEMENTATIONS = YES;
				CLANG_WARN_DIRECT_OBJC_ISA_USAGE = YES_ERROR;
				CLANG_WARN_DOCUMENTATION_COMMENTS = YES;
				CLANG_WARN_EMPTY_BODY = YES;
				CLANG_WARN_ENUM_CONVERSION = YES;
				CLANG_WARN_INFINITE_RECURSION = YES;
				CLANG_WARN_INT_CONVERSION = YES;
				CLANG_WARN_NON_LITERAL_NULL_CONVERSION = YES;
				CLANG_WARN_OBJC_IMPLICIT_RETAIN_SELF = YES;
				CLANG_WARN_OBJC_LITERAL_CONVERSION = YES;
				CLANG_WARN_OBJC_ROOT_CLASS = YES_ERROR;
				CLANG_WARN_QUOTED_INCLUDE_IN_FRAMEWORK_HEADER = YES;
				CLANG_WARN_RANGE_LOOP_ANALYSIS = YES;
				CLANG_WARN_STRICT_PROTOTYPES = YES;
				CLANG_WARN_SUSPICIOUS_MOVE = YES;
				CLANG_WARN_UNGUARDED_AVAILABILITY = YES_AGGRESSIVE;
				CLANG_WARN_UNREACHABLE_CODE = YES;
				CLANG_WARN__DUPLICATE_METHOD_MATCH = YES;
				COPY_PHASE_STRIP = NO;
				DEBUG_INFORMATION_FORMAT = "dwarf-with-dsym";
				ENABLE_NS_ASSERTIONS = NO;
				ENABLE_STRICT_OBJC_MSGSEND = YES;
				ENABLE_USER_SCRIPT_SANDBOXING = YES;
				GCC_C_LANGUAGE_STANDARD = gnu17;
				GCC_NO_COMMON_BLOCKS = YES;
				GCC_WARN_64_TO_32_BIT_CONVERSION = YES;
				GCC_WARN_ABOUT_RETURN_TYPE = YES_ERROR;
				GCC_WARN_UNDECLARED_SELECTOR = YES;
				GCC_WARN_UNINITIALIZED_AUTOS = YES_AGGRESSIVE;
				GCC_WARN_UNUSED_FUNCTION = YES;
				GCC_WARN_UNUSED_VARIABLE = YES;
				LOCALIZATION_PREFERS_STRING_CATALOGS = YES;
				MTL_ENABLE_DEBUG_INFO = NO;
				MTL_FAST_MATH = YES;
				SWIFT_COMPILATION_MODE = wholemodule;
			};
			name = Release;
		};
		63CAD9272BB151C2007E0B69 /* Debug */ = {
			isa = XCBuildConfiguration;
			baseConfigurationReference = 63CAD93E2BB1533A007E0B69 /* Config.xcconfig */;
			buildSettings = {
				ASSETCATALOG_COMPILER_APPICON_NAME = AppIcon;
				ASSETCATALOG_COMPILER_GLOBAL_ACCENT_COLOR_NAME = AccentColor;
				CODE_SIGN_ENTITLEMENTS = CYC_TCA/CYC_TCA.entitlements;
				CODE_SIGN_STYLE = Automatic;
				CURRENT_PROJECT_VERSION = 1;
				DEVELOPMENT_ASSET_PATHS = "\"CYC_TCA/Preview Content\"";
				DEVELOPMENT_TEAM = ND6356Y385;
				ENABLE_HARDENED_RUNTIME = YES;
				ENABLE_PREVIEWS = YES;
				GENERATE_INFOPLIST_FILE = YES;
				INFOPLIST_FILE = "CYC-TCA-Info.plist";
				INFOPLIST_KEY_UIApplicationSceneManifest_Generation = YES;
				"INFOPLIST_KEY_UIApplicationSceneManifest_Generation[sdk=iphoneos*]" = YES;
				"INFOPLIST_KEY_UIApplicationSceneManifest_Generation[sdk=iphonesimulator*]" = YES;
				INFOPLIST_KEY_UIApplicationSupportsIndirectInputEvents = YES;
				"INFOPLIST_KEY_UIApplicationSupportsIndirectInputEvents[sdk=iphoneos*]" = YES;
				"INFOPLIST_KEY_UIApplicationSupportsIndirectInputEvents[sdk=iphonesimulator*]" = YES;
				INFOPLIST_KEY_UILaunchScreen_Generation = YES;
				"INFOPLIST_KEY_UILaunchScreen_Generation[sdk=iphoneos*]" = YES;
				"INFOPLIST_KEY_UILaunchScreen_Generation[sdk=iphonesimulator*]" = YES;
				"INFOPLIST_KEY_UIStatusBarStyle[sdk=iphoneos*]" = UIStatusBarStyleDefault;
				"INFOPLIST_KEY_UIStatusBarStyle[sdk=iphonesimulator*]" = UIStatusBarStyleDefault;
				INFOPLIST_KEY_UISupportedInterfaceOrientations_iPad = "UIInterfaceOrientationPortrait UIInterfaceOrientationPortraitUpsideDown UIInterfaceOrientationLandscapeLeft UIInterfaceOrientationLandscapeRight";
				INFOPLIST_KEY_UISupportedInterfaceOrientations_iPhone = "UIInterfaceOrientationPortrait UIInterfaceOrientationLandscapeLeft UIInterfaceOrientationLandscapeRight";
				IPHONEOS_DEPLOYMENT_TARGET = 17.0;
				LD_RUNPATH_SEARCH_PATHS = "@executable_path/Frameworks";
				"LD_RUNPATH_SEARCH_PATHS[sdk=macosx*]" = "@executable_path/../Frameworks";
				MACOSX_DEPLOYMENT_TARGET = 14.2;
				MARKETING_VERSION = 1.0;
				PRODUCT_BUNDLE_IDENTIFIER = "com.ciu.CYC-TCA";
				PRODUCT_NAME = "$(TARGET_NAME)";
				SDKROOT = auto;
				SUPPORTED_PLATFORMS = "iphoneos iphonesimulator macosx";
				SWIFT_EMIT_LOC_STRINGS = YES;
				SWIFT_VERSION = 5.0;
				TARGETED_DEVICE_FAMILY = "1,2";
			};
			name = Debug;
		};
		63CAD9282BB151C2007E0B69 /* Release */ = {
			isa = XCBuildConfiguration;
			baseConfigurationReference = 63CAD93E2BB1533A007E0B69 /* Config.xcconfig */;
			buildSettings = {
				ASSETCATALOG_COMPILER_APPICON_NAME = AppIcon;
				ASSETCATALOG_COMPILER_GLOBAL_ACCENT_COLOR_NAME = AccentColor;
				CODE_SIGN_ENTITLEMENTS = CYC_TCA/CYC_TCA.entitlements;
				CODE_SIGN_STYLE = Automatic;
				CURRENT_PROJECT_VERSION = 1;
				DEVELOPMENT_ASSET_PATHS = "\"CYC_TCA/Preview Content\"";
				DEVELOPMENT_TEAM = ND6356Y385;
				ENABLE_HARDENED_RUNTIME = YES;
				ENABLE_PREVIEWS = YES;
				GENERATE_INFOPLIST_FILE = YES;
				INFOPLIST_FILE = "CYC-TCA-Info.plist";
				INFOPLIST_KEY_UIApplicationSceneManifest_Generation = YES;
				"INFOPLIST_KEY_UIApplicationSceneManifest_Generation[sdk=iphoneos*]" = YES;
				"INFOPLIST_KEY_UIApplicationSceneManifest_Generation[sdk=iphonesimulator*]" = YES;
				INFOPLIST_KEY_UIApplicationSupportsIndirectInputEvents = YES;
				"INFOPLIST_KEY_UIApplicationSupportsIndirectInputEvents[sdk=iphoneos*]" = YES;
				"INFOPLIST_KEY_UIApplicationSupportsIndirectInputEvents[sdk=iphonesimulator*]" = YES;
				INFOPLIST_KEY_UILaunchScreen_Generation = YES;
				"INFOPLIST_KEY_UILaunchScreen_Generation[sdk=iphoneos*]" = YES;
				"INFOPLIST_KEY_UILaunchScreen_Generation[sdk=iphonesimulator*]" = YES;
				"INFOPLIST_KEY_UIStatusBarStyle[sdk=iphoneos*]" = UIStatusBarStyleDefault;
				"INFOPLIST_KEY_UIStatusBarStyle[sdk=iphonesimulator*]" = UIStatusBarStyleDefault;
				INFOPLIST_KEY_UISupportedInterfaceOrientations_iPad = "UIInterfaceOrientationPortrait UIInterfaceOrientationPortraitUpsideDown UIInterfaceOrientationLandscapeLeft UIInterfaceOrientationLandscapeRight";
				INFOPLIST_KEY_UISupportedInterfaceOrientations_iPhone = "UIInterfaceOrientationPortrait UIInterfaceOrientationLandscapeLeft UIInterfaceOrientationLandscapeRight";
				IPHONEOS_DEPLOYMENT_TARGET = 17.0;
				LD_RUNPATH_SEARCH_PATHS = "@executable_path/Frameworks";
				"LD_RUNPATH_SEARCH_PATHS[sdk=macosx*]" = "@executable_path/../Frameworks";
				MACOSX_DEPLOYMENT_TARGET = 14.2;
				MARKETING_VERSION = 1.0;
				PRODUCT_BUNDLE_IDENTIFIER = "com.ciu.CYC-TCA";
				PRODUCT_NAME = "$(TARGET_NAME)";
				SDKROOT = auto;
				SUPPORTED_PLATFORMS = "iphoneos iphonesimulator macosx";
				SWIFT_EMIT_LOC_STRINGS = YES;
				SWIFT_VERSION = 5.0;
				TARGETED_DEVICE_FAMILY = "1,2";
			};
			name = Release;
		};
		63CAD92A2BB151C2007E0B69 /* Debug */ = {
			isa = XCBuildConfiguration;
			buildSettings = {
				ALWAYS_EMBED_SWIFT_STANDARD_LIBRARIES = YES;
				BUNDLE_LOADER = "$(TEST_HOST)";
				CODE_SIGN_STYLE = Automatic;
				CURRENT_PROJECT_VERSION = 1;
				DEVELOPMENT_TEAM = ND6356Y385;
				GENERATE_INFOPLIST_FILE = YES;
				IPHONEOS_DEPLOYMENT_TARGET = 17.2;
				MACOSX_DEPLOYMENT_TARGET = 14.2;
				MARKETING_VERSION = 1.0;
				PRODUCT_BUNDLE_IDENTIFIER = "com.ciu.CYC-TCATests";
				PRODUCT_NAME = "$(TARGET_NAME)";
				SDKROOT = auto;
				SUPPORTED_PLATFORMS = "iphoneos iphonesimulator macosx";
				SWIFT_EMIT_LOC_STRINGS = NO;
				SWIFT_VERSION = 5.0;
				TARGETED_DEVICE_FAMILY = "1,2";
				TEST_HOST = "$(BUILT_PRODUCTS_DIR)/CYC_TCA.app/$(BUNDLE_EXECUTABLE_FOLDER_PATH)/CYC_TCA";
			};
			name = Debug;
		};
		63CAD92B2BB151C2007E0B69 /* Release */ = {
			isa = XCBuildConfiguration;
			buildSettings = {
				ALWAYS_EMBED_SWIFT_STANDARD_LIBRARIES = YES;
				BUNDLE_LOADER = "$(TEST_HOST)";
				CODE_SIGN_STYLE = Automatic;
				CURRENT_PROJECT_VERSION = 1;
				DEVELOPMENT_TEAM = ND6356Y385;
				GENERATE_INFOPLIST_FILE = YES;
				IPHONEOS_DEPLOYMENT_TARGET = 17.2;
				MACOSX_DEPLOYMENT_TARGET = 14.2;
				MARKETING_VERSION = 1.0;
				PRODUCT_BUNDLE_IDENTIFIER = "com.ciu.CYC-TCATests";
				PRODUCT_NAME = "$(TARGET_NAME)";
				SDKROOT = auto;
				SUPPORTED_PLATFORMS = "iphoneos iphonesimulator macosx";
				SWIFT_EMIT_LOC_STRINGS = NO;
				SWIFT_VERSION = 5.0;
				TARGETED_DEVICE_FAMILY = "1,2";
				TEST_HOST = "$(BUILT_PRODUCTS_DIR)/CYC_TCA.app/$(BUNDLE_EXECUTABLE_FOLDER_PATH)/CYC_TCA";
			};
			name = Release;
		};
		63CAD92D2BB151C2007E0B69 /* Debug */ = {
			isa = XCBuildConfiguration;
			buildSettings = {
				ALWAYS_EMBED_SWIFT_STANDARD_LIBRARIES = YES;
				CODE_SIGN_STYLE = Automatic;
				CURRENT_PROJECT_VERSION = 1;
				DEVELOPMENT_TEAM = ND6356Y385;
				GENERATE_INFOPLIST_FILE = YES;
				IPHONEOS_DEPLOYMENT_TARGET = 17.2;
				MACOSX_DEPLOYMENT_TARGET = 14.2;
				MARKETING_VERSION = 1.0;
				PRODUCT_BUNDLE_IDENTIFIER = "com.ciu.CYC-TCAUITests";
				PRODUCT_NAME = "$(TARGET_NAME)";
				SDKROOT = auto;
				SUPPORTED_PLATFORMS = "iphoneos iphonesimulator macosx";
				SWIFT_EMIT_LOC_STRINGS = NO;
				SWIFT_VERSION = 5.0;
				TARGETED_DEVICE_FAMILY = "1,2";
				TEST_TARGET_NAME = CYC_TCA;
			};
			name = Debug;
		};
		63CAD92E2BB151C2007E0B69 /* Release */ = {
			isa = XCBuildConfiguration;
			buildSettings = {
				ALWAYS_EMBED_SWIFT_STANDARD_LIBRARIES = YES;
				CODE_SIGN_STYLE = Automatic;
				CURRENT_PROJECT_VERSION = 1;
				DEVELOPMENT_TEAM = ND6356Y385;
				GENERATE_INFOPLIST_FILE = YES;
				IPHONEOS_DEPLOYMENT_TARGET = 17.2;
				MACOSX_DEPLOYMENT_TARGET = 14.2;
				MARKETING_VERSION = 1.0;
				PRODUCT_BUNDLE_IDENTIFIER = "com.ciu.CYC-TCAUITests";
				PRODUCT_NAME = "$(TARGET_NAME)";
				SDKROOT = auto;
				SUPPORTED_PLATFORMS = "iphoneos iphonesimulator macosx";
				SWIFT_EMIT_LOC_STRINGS = NO;
				SWIFT_VERSION = 5.0;
				TARGETED_DEVICE_FAMILY = "1,2";
				TEST_TARGET_NAME = CYC_TCA;
			};
			name = Release;
		};
/* End XCBuildConfiguration section */

/* Begin XCConfigurationList section */
		63CAD8FC2BB151C1007E0B69 /* Build configuration list for PBXProject "CYC_TCA" */ = {
			isa = XCConfigurationList;
			buildConfigurations = (
				63CAD9242BB151C2007E0B69 /* Debug */,
				63CAD9252BB151C2007E0B69 /* Release */,
			);
			defaultConfigurationIsVisible = 0;
			defaultConfigurationName = Release;
		};
		63CAD9262BB151C2007E0B69 /* Build configuration list for PBXNativeTarget "CYC_TCA" */ = {
			isa = XCConfigurationList;
			buildConfigurations = (
				63CAD9272BB151C2007E0B69 /* Debug */,
				63CAD9282BB151C2007E0B69 /* Release */,
			);
			defaultConfigurationIsVisible = 0;
			defaultConfigurationName = Release;
		};
		63CAD9292BB151C2007E0B69 /* Build configuration list for PBXNativeTarget "CYC_TCATests" */ = {
			isa = XCConfigurationList;
			buildConfigurations = (
				63CAD92A2BB151C2007E0B69 /* Debug */,
				63CAD92B2BB151C2007E0B69 /* Release */,
			);
			defaultConfigurationIsVisible = 0;
			defaultConfigurationName = Release;
		};
		63CAD92C2BB151C2007E0B69 /* Build configuration list for PBXNativeTarget "CYC_TCAUITests" */ = {
			isa = XCConfigurationList;
			buildConfigurations = (
				63CAD92D2BB151C2007E0B69 /* Debug */,
				63CAD92E2BB151C2007E0B69 /* Release */,
			);
			defaultConfigurationIsVisible = 0;
			defaultConfigurationName = Release;
		};
/* End XCConfigurationList section */

/* Begin XCRemoteSwiftPackageReference section */
		63CAD92F2BB151F8007E0B69 /* XCRemoteSwiftPackageReference "SwiftSoup" */ = {
			isa = XCRemoteSwiftPackageReference;
			repositoryURL = "https://github.com/scinfu/SwiftSoup";
			requirement = {
				kind = upToNextMajorVersion;
				minimumVersion = 2.7.2;
			};
		};
		63CAD9322BB15208007E0B69 /* XCRemoteSwiftPackageReference "GrassView" */ = {
			isa = XCRemoteSwiftPackageReference;
			repositoryURL = "https://github.com/agilestarskim/GrassView";
			requirement = {
				branch = main;
				kind = branch;
			};
		};
		63CAD9352BB1521F007E0B69 /* XCRemoteSwiftPackageReference "Alamofire" */ = {
			isa = XCRemoteSwiftPackageReference;
			repositoryURL = "https://github.com/Alamofire/Alamofire";
			requirement = {
				kind = upToNextMajorVersion;
				minimumVersion = 5.9.0;
			};
		};
		63CAD9382BB152B4007E0B69 /* XCRemoteSwiftPackageReference "firebase-ios-sdk" */ = {
			isa = XCRemoteSwiftPackageReference;
			repositoryURL = "https://github.com/firebase/firebase-ios-sdk.git";
			requirement = {
				kind = upToNextMajorVersion;
				minimumVersion = 10.23.0;
			};
		};
		63FA81F92BB29CA8006C136D /* XCRemoteSwiftPackageReference "swift-composable-architecture" */ = {
			isa = XCRemoteSwiftPackageReference;
			repositoryURL = "https://github.com/pointfreeco/swift-composable-architecture";
			requirement = {
				kind = upToNextMajorVersion;
				minimumVersion = 1.9.2;
			};
		};
/* End XCRemoteSwiftPackageReference section */

/* Begin XCSwiftPackageProductDependency section */
		63CAD9302BB151F8007E0B69 /* SwiftSoup */ = {
			isa = XCSwiftPackageProductDependency;
			package = 63CAD92F2BB151F8007E0B69 /* XCRemoteSwiftPackageReference "SwiftSoup" */;
			productName = SwiftSoup;
		};
		63CAD9332BB15208007E0B69 /* GrassView */ = {
			isa = XCSwiftPackageProductDependency;
			package = 63CAD9322BB15208007E0B69 /* XCRemoteSwiftPackageReference "GrassView" */;
			productName = GrassView;
		};
		63CAD9362BB1521F007E0B69 /* Alamofire */ = {
			isa = XCSwiftPackageProductDependency;
			package = 63CAD9352BB1521F007E0B69 /* XCRemoteSwiftPackageReference "Alamofire" */;
			productName = Alamofire;
		};
		63CAD9392BB152B4007E0B69 /* FirebaseFirestore */ = {
			isa = XCSwiftPackageProductDependency;
			package = 63CAD9382BB152B4007E0B69 /* XCRemoteSwiftPackageReference "firebase-ios-sdk" */;
			productName = FirebaseFirestore;
		};
		63FA81FA2BB29CA8006C136D /* ComposableArchitecture */ = {
			isa = XCSwiftPackageProductDependency;
			package = 63FA81F92BB29CA8006C136D /* XCRemoteSwiftPackageReference "swift-composable-architecture" */;
			productName = ComposableArchitecture;
		};
/* End XCSwiftPackageProductDependency section */
	};
	rootObject = 63CAD8F92BB151C1007E0B69 /* Project object */;
}
